// !$*UTF8*$!
{
	archiveVersion = 1;
	classes = {
	};
	objectVersion = 56;
	objects = {

/* Begin PBXBuildFile section */
		B66BC0A02B8519F500E119C6 /* MissionView.swift in Sources */ = {isa = PBXBuildFile; fileRef = B66BC09F2B8519F500E119C6 /* MissionView.swift */; };
		B680B0D82B834F1300947512 /* Color-Theme.swift in Sources */ = {isa = PBXBuildFile; fileRef = B680B0D72B834F1300947512 /* Color-Theme.swift */; };
		B6A92D5E2B86C03F00CE8CAF /* AstronautView.swift in Sources */ = {isa = PBXBuildFile; fileRef = B6A92D5D2B86C03F00CE8CAF /* AstronautView.swift */; };
		B6C181A42B7FDC7F00A9E143 /* MoonshotAppApp.swift in Sources */ = {isa = PBXBuildFile; fileRef = B6C181A32B7FDC7F00A9E143 /* MoonshotAppApp.swift */; };
		B6C181A62B7FDC7F00A9E143 /* ContentView.swift in Sources */ = {isa = PBXBuildFile; fileRef = B6C181A52B7FDC7F00A9E143 /* ContentView.swift */; };
		B6C181A82B7FDC8300A9E143 /* Assets.xcassets in Resources */ = {isa = PBXBuildFile; fileRef = B6C181A72B7FDC8300A9E143 /* Assets.xcassets */; };
		B6C181AB2B7FDC8300A9E143 /* Preview Assets.xcassets in Resources */ = {isa = PBXBuildFile; fileRef = B6C181AA2B7FDC8300A9E143 /* Preview Assets.xcassets */; };
		B6C181B32B7FDF7900A9E143 /* missions.json in Resources */ = {isa = PBXBuildFile; fileRef = B6C181B12B7FDF7800A9E143 /* missions.json */; };
		B6C181B42B7FDF7900A9E143 /* astronauts.json in Resources */ = {isa = PBXBuildFile; fileRef = B6C181B22B7FDF7900A9E143 /* astronauts.json */; };
		B6C181B62B7FDFE900A9E143 /* Astronaut.swift in Sources */ = {isa = PBXBuildFile; fileRef = B6C181B52B7FDFE900A9E143 /* Astronaut.swift */; };
		B6C181B82B7FE07A00A9E143 /* Bundle-Decodable.swift in Sources */ = {isa = PBXBuildFile; fileRef = B6C181B72B7FE07A00A9E143 /* Bundle-Decodable.swift */; };
		B6C181BA2B7FEED900A9E143 /* Mission.swift in Sources */ = {isa = PBXBuildFile; fileRef = B6C181B92B7FEED900A9E143 /* Mission.swift */; };
/* End PBXBuildFile section */

/* Begin PBXFileReference section */
		B66BC09F2B8519F500E119C6 /* MissionView.swift */ = {isa = PBXFileReference; lastKnownFileType = sourcecode.swift; path = MissionView.swift; sourceTree = "<group>"; };
		B680B0D72B834F1300947512 /* Color-Theme.swift */ = {isa = PBXFileReference; lastKnownFileType = sourcecode.swift; path = "Color-Theme.swift"; sourceTree = "<group>"; };
		B6A92D5D2B86C03F00CE8CAF /* AstronautView.swift */ = {isa = PBXFileReference; lastKnownFileType = sourcecode.swift; path = AstronautView.swift; sourceTree = "<group>"; };
		B6C181A02B7FDC7F00A9E143 /* MoonshotApp.app */ = {isa = PBXFileReference; explicitFileType = wrapper.application; includeInIndex = 0; path = MoonshotApp.app; sourceTree = BUILT_PRODUCTS_DIR; };
		B6C181A32B7FDC7F00A9E143 /* MoonshotAppApp.swift */ = {isa = PBXFileReference; lastKnownFileType = sourcecode.swift; path = MoonshotAppApp.swift; sourceTree = "<group>"; };
		B6C181A52B7FDC7F00A9E143 /* ContentView.swift */ = {isa = PBXFileReference; lastKnownFileType = sourcecode.swift; path = ContentView.swift; sourceTree = "<group>"; };
		B6C181A72B7FDC8300A9E143 /* Assets.xcassets */ = {isa = PBXFileReference; lastKnownFileType = folder.assetcatalog; path = Assets.xcassets; sourceTree = "<group>"; };
		B6C181AA2B7FDC8300A9E143 /* Preview Assets.xcassets */ = {isa = PBXFileReference; lastKnownFileType = folder.assetcatalog; path = "Preview Assets.xcassets"; sourceTree = "<group>"; };
		B6C181B12B7FDF7800A9E143 /* missions.json */ = {isa = PBXFileReference; fileEncoding = 4; lastKnownFileType = text.json; path = missions.json; sourceTree = "<group>"; };
		B6C181B22B7FDF7900A9E143 /* astronauts.json */ = {isa = PBXFileReference; fileEncoding = 4; lastKnownFileType = text.json; path = astronauts.json; sourceTree = "<group>"; };
		B6C181B52B7FDFE900A9E143 /* Astronaut.swift */ = {isa = PBXFileReference; lastKnownFileType = sourcecode.swift; path = Astronaut.swift; sourceTree = "<group>"; };
		B6C181B72B7FE07A00A9E143 /* Bundle-Decodable.swift */ = {isa = PBXFileReference; lastKnownFileType = sourcecode.swift; path = "Bundle-Decodable.swift"; sourceTree = "<group>"; };
		B6C181B92B7FEED900A9E143 /* Mission.swift */ = {isa = PBXFileReference; lastKnownFileType = sourcecode.swift; path = Mission.swift; sourceTree = "<group>"; };
/* End PBXFileReference section */

/* Begin PBXFrameworksBuildPhase section */
		B6C1819D2B7FDC7F00A9E143 /* Frameworks */ = {
			isa = PBXFrameworksBuildPhase;
			buildActionMask = 2147483647;
			files = (
			);
			runOnlyForDeploymentPostprocessing = 0;
		};
/* End PBXFrameworksBuildPhase section */

/* Begin PBXGroup section */
		B6C181972B7FDC7F00A9E143 = {
			isa = PBXGroup;
			children = (
				B6C181A22B7FDC7F00A9E143 /* MoonshotApp */,
				B6C181A12B7FDC7F00A9E143 /* Products */,
			);
			sourceTree = "<group>";
		};
		B6C181A12B7FDC7F00A9E143 /* Products */ = {
			isa = PBXGroup;
			children = (
				B6C181A02B7FDC7F00A9E143 /* MoonshotApp.app */,
			);
			name = Products;
			sourceTree = "<group>";
		};
		B6C181A22B7FDC7F00A9E143 /* MoonshotApp */ = {
			isa = PBXGroup;
			children = (
				B6C181A32B7FDC7F00A9E143 /* MoonshotAppApp.swift */,
				B6C181A52B7FDC7F00A9E143 /* ContentView.swift */,
				B66BC09F2B8519F500E119C6 /* MissionView.swift */,
				B6C181B92B7FEED900A9E143 /* Mission.swift */,
				B680B0D72B834F1300947512 /* Color-Theme.swift */,
				B6C181B22B7FDF7900A9E143 /* astronauts.json */,
				B6C181B52B7FDFE900A9E143 /* Astronaut.swift */,
				B6C181B72B7FE07A00A9E143 /* Bundle-Decodable.swift */,
				B6C181B12B7FDF7800A9E143 /* missions.json */,
				B6A92D5D2B86C03F00CE8CAF /* AstronautView.swift */,
				B6C181A72B7FDC8300A9E143 /* Assets.xcassets */,
				B6C181A92B7FDC8300A9E143 /* Preview Content */,
			);
			path = MoonshotApp;
			sourceTree = "<group>";
		};
		B6C181A92B7FDC8300A9E143 /* Preview Content */ = {
			isa = PBXGroup;
			children = (
				B6C181AA2B7FDC8300A9E143 /* Preview Assets.xcassets */,
			);
			path = "Preview Content";
			sourceTree = "<group>";
		};
/* End PBXGroup section */

/* Begin PBXNativeTarget section */
		B6C1819F2B7FDC7F00A9E143 /* MoonshotApp */ = {
			isa = PBXNativeTarget;
			buildConfigurationList = B6C181AE2B7FDC8300A9E143 /* Build configuration list for PBXNativeTarget "MoonshotApp" */;
			buildPhases = (
				B6C1819C2B7FDC7F00A9E143 /* Sources */,
				B6C1819D2B7FDC7F00A9E143 /* Frameworks */,
				B6C1819E2B7FDC7F00A9E143 /* Resources */,
			);
			buildRules = (
			);
			dependencies = (
			);
			name = MoonshotApp;
			productName = MoonshotApp;
			productReference = B6C181A02B7FDC7F00A9E143 /* MoonshotApp.app */;
			productType = "com.apple.product-type.application";
		};
/* End PBXNativeTarget section */

/* Begin PBXProject section */
		B6C181982B7FDC7F00A9E143 /* Project object */ = {
			isa = PBXProject;
			attributes = {
				BuildIndependentTargetsInParallel = 1;
				LastSwiftUpdateCheck = 1520;
				LastUpgradeCheck = 1520;
				TargetAttributes = {
					B6C1819F2B7FDC7F00A9E143 = {
						CreatedOnToolsVersion = 15.2;
					};
				};
			};
			buildConfigurationList = B6C1819B2B7FDC7F00A9E143 /* Build configuration list for PBXProject "MoonshotApp" */;
			compatibilityVersion = "Xcode 14.0";
			developmentRegion = en;
			hasScannedForEncodings = 0;
			knownRegions = (
				en,
				Base,
			);
			mainGroup = B6C181972B7FDC7F00A9E143;
			productRefGroup = B6C181A12B7FDC7F00A9E143 /* Products */;
			projectDirPath = "";
			projectRoot = "";
			targets = (
				B6C1819F2B7FDC7F00A9E143 /* MoonshotApp */,
			);
		};
/* End PBXProject section */

/* Begin PBXResourcesBuildPhase section */
		B6C1819E2B7FDC7F00A9E143 /* Resources */ = {
			isa = PBXResourcesBuildPhase;
			buildActionMask = 2147483647;
			files = (
				B6C181AB2B7FDC8300A9E143 /* Preview Assets.xcassets in Resources */,
				B6C181B32B7FDF7900A9E143 /* missions.json in Resources */,
				B6C181A82B7FDC8300A9E143 /* Assets.xcassets in Resources */,
				B6C181B42B7FDF7900A9E143 /* astronauts.json in Resources */,
			);
			runOnlyForDeploymentPostprocessing = 0;
		};
/* End PBXResourcesBuildPhase section */

/* Begin PBXSourcesBuildPhase section */
		B6C1819C2B7FDC7F00A9E143 /* Sources */ = {
			isa = PBXSourcesBuildPhase;
			buildActionMask = 2147483647;
			files = (
				B66BC0A02B8519F500E119C6 /* MissionView.swift in Sources */,
				B6C181B62B7FDFE900A9E143 /* Astronaut.swift in Sources */,
				B6A92D5E2B86C03F00CE8CAF /* AstronautView.swift in Sources */,
				B680B0D82B834F1300947512 /* Color-Theme.swift in Sources */,
				B6C181A62B7FDC7F00A9E143 /* ContentView.swift in Sources */,
				B6C181A42B7FDC7F00A9E143 /* MoonshotAppApp.swift in Sources */,
				B6C181BA2B7FEED900A9E143 /* Mission.swift in Sources */,
				B6C181B82B7FE07A00A9E143 /* Bundle-Decodable.swift in Sources */,
			);
			runOnlyForDeploymentPostprocessing = 0;
		};
/* End PBXSourcesBuildPhase section */

/* Begin XCBuildConfiguration section */
		B6C181AC2B7FDC8300A9E143 /* Debug */ = {
			isa = XCBuildConfiguration;
			buildSettings = {
				ALWAYS_SEARCH_USER_PATHS = NO;
				ASSETCATALOG_COMPILER_GENERATE_SWIFT_ASSET_SYMBOL_EXTENSIONS = YES;
				CLANG_ANALYZER_NONNULL = YES;
				CLANG_ANALYZER_NUMBER_OBJECT_CONVERSION = YES_AGGRESSIVE;
				CLANG_CXX_LANGUAGE_STANDARD = "gnu++20";
				CLANG_ENABLE_MODULES = YES;
				CLANG_ENABLE_OBJC_ARC = YES;
				CLANG_ENABLE_OBJC_WEAK = YES;
				CLANG_WARN_BLOCK_CAPTURE_AUTORELEASING = YES;
				CLANG_WARN_BOOL_CONVERSION = YES;
				CLANG_WARN_COMMA = YES;
				CLANG_WARN_CONSTANT_CONVERSION = YES;
				CLANG_WARN_DEPRECATED_OBJC_IMPLEMENTATIONS = YES;
				CLANG_WARN_DIRECT_OBJC_ISA_USAGE = YES_ERROR;
				CLANG_WARN_DOCUMENTATION_COMMENTS = YES;
				CLANG_WARN_EMPTY_BODY = YES;
				CLANG_WARN_ENUM_CONVERSION = YES;
				CLANG_WARN_INFINITE_RECURSION = YES;
				CLANG_WARN_INT_CONVERSION = YES;
				CLANG_WARN_NON_LITERAL_NULL_CONVERSION = YES;
				CLANG_WARN_OBJC_IMPLICIT_RETAIN_SELF = YES;
				CLANG_WARN_OBJC_LITERAL_CONVERSION = YES;
				CLANG_WARN_OBJC_ROOT_CLASS = YES_ERROR;
				CLANG_WARN_QUOTED_INCLUDE_IN_FRAMEWORK_HEADER = YES;
				CLANG_WARN_RANGE_LOOP_ANALYSIS = YES;
				CLANG_WARN_STRICT_PROTOTYPES = YES;
				CLANG_WARN_SUSPICIOUS_MOVE = YES;
				CLANG_WARN_UNGUARDED_AVAILABILITY = YES_AGGRESSIVE;
				CLANG_WARN_UNREACHABLE_CODE = YES;
				CLANG_WARN__DUPLICATE_METHOD_MATCH = YES;
				COPY_PHASE_STRIP = NO;
				DEBUG_INFORMATION_FORMAT = dwarf;
				ENABLE_STRICT_OBJC_MSGSEND = YES;
				ENABLE_TESTABILITY = YES;
				ENABLE_USER_SCRIPT_SANDBOXING = YES;
				GCC_C_LANGUAGE_STANDARD = gnu17;
				GCC_DYNAMIC_NO_PIC = NO;
				GCC_NO_COMMON_BLOCKS = YES;
				GCC_OPTIMIZATION_LEVEL = 0;
				GCC_PREPROCESSOR_DEFINITIONS = (
					"DEBUG=1",
					"$(inherited)",
				);
				GCC_WARN_64_TO_32_BIT_CONVERSION = YES;
				GCC_WARN_ABOUT_RETURN_TYPE = YES_ERROR;
				GCC_WARN_UNDECLARED_SELECTOR = YES;
				GCC_WARN_UNINITIALIZED_AUTOS = YES_AGGRESSIVE;
				GCC_WARN_UNUSED_FUNCTION = YES;
				GCC_WARN_UNUSED_VARIABLE = YES;
				IPHONEOS_DEPLOYMENT_TARGET = 17.2;
				LOCALIZATION_PREFERS_STRING_CATALOGS = YES;
				MTL_ENABLE_DEBUG_INFO = INCLUDE_SOURCE;
				MTL_FAST_MATH = YES;
				ONLY_ACTIVE_ARCH = YES;
				SDKROOT = iphoneos;
				SWIFT_ACTIVE_COMPILATION_CONDITIONS = "DEBUG $(inherited)";
				SWIFT_OPTIMIZATION_LEVEL = "-Onone";
			};
			name = Debug;
		};
		B6C181AD2B7FDC8300A9E143 /* Release */ = {
			isa = XCBuildConfiguration;
			buildSettings = {
				ALWAYS_SEARCH_USER_PATHS = NO;
				ASSETCATALOG_COMPILER_GENERATE_SWIFT_ASSET_SYMBOL_EXTENSIONS = YES;
				CLANG_ANALYZER_NONNULL = YES;
				CLANG_ANALYZER_NUMBER_OBJECT_CONVERSION = YES_AGGRESSIVE;
				CLANG_CXX_LANGUAGE_STANDARD = "gnu++20";
				CLANG_ENABLE_MODULES = YES;
				CLANG_ENABLE_OBJC_ARC = YES;
				CLANG_ENABLE_OBJC_WEAK = YES;
				CLANG_WARN_BLOCK_CAPTURE_AUTORELEASING = YES;
				CLANG_WARN_BOOL_CONVERSION = YES;
				CLANG_WARN_COMMA = YES;
				CLANG_WARN_CONSTANT_CONVERSION = YES;
				CLANG_WARN_DEPRECATED_OBJC_IMPLEMENTATIONS = YES;
				CLANG_WARN_DIRECT_OBJC_ISA_USAGE = YES_ERROR;
				CLANG_WARN_DOCUMENTATION_COMMENTS = YES;
				CLANG_WARN_EMPTY_BODY = YES;
				CLANG_WARN_ENUM_CONVERSION = YES;
				CLANG_WARN_INFINITE_RECURSION = YES;
				CLANG_WARN_INT_CONVERSION = YES;
				CLANG_WARN_NON_LITERAL_NULL_CONVERSION = YES;
				CLANG_WARN_OBJC_IMPLICIT_RETAIN_SELF = YES;
				CLANG_WARN_OBJC_LITERAL_CONVERSION = YES;
				CLANG_WARN_OBJC_ROOT_CLASS = YES_ERROR;
				CLANG_WARN_QUOTED_INCLUDE_IN_FRAMEWORK_HEADER = YES;
				CLANG_WARN_RANGE_LOOP_ANALYSIS = YES;
				CLANG_WARN_STRICT_PROTOTYPES = YES;
				CLANG_WARN_SUSPICIOUS_MOVE = YES;
				CLANG_WARN_UNGUARDED_AVAILABILITY = YES_AGGRESSIVE;
				CLANG_WARN_UNREACHABLE_CODE = YES;
				CLANG_WARN__DUPLICATE_METHOD_MATCH = YES;
				COPY_PHASE_STRIP = NO;
				DEBUG_INFORMATION_FORMAT = "dwarf-with-dsym";
				ENABLE_NS_ASSERTIONS = NO;
				ENABLE_STRICT_OBJC_MSGSEND = YES;
				ENABLE_USER_SCRIPT_SANDBOXING = YES;
				GCC_C_LANGUAGE_STANDARD = gnu17;
				GCC_NO_COMMON_BLOCKS = YES;
				GCC_WARN_64_TO_32_BIT_CONVERSION = YES;
				GCC_WARN_ABOUT_RETURN_TYPE = YES_ERROR;
				GCC_WARN_UNDECLARED_SELECTOR = YES;
				GCC_WARN_UNINITIALIZED_AUTOS = YES_AGGRESSIVE;
				GCC_WARN_UNUSED_FUNCTION = YES;
				GCC_WARN_UNUSED_VARIABLE = YES;
				IPHONEOS_DEPLOYMENT_TARGET = 17.2;
				LOCALIZATION_PREFERS_STRING_CATALOGS = YES;
				MTL_ENABLE_DEBUG_INFO = NO;
				MTL_FAST_MATH = YES;
				SDKROOT = iphoneos;
				SWIFT_COMPILATION_MODE = wholemodule;
				VALIDATE_PRODUCT = YES;
			};
			name = Release;
		};
		B6C181AF2B7FDC8300A9E143 /* Debug */ = {
			isa = XCBuildConfiguration;
			buildSettings = {
				ASSETCATALOG_COMPILER_APPICON_NAME = AppIcon;
				ASSETCATALOG_COMPILER_GLOBAL_ACCENT_COLOR_NAME = AccentColor;
				CODE_SIGN_STYLE = Automatic;
				CURRENT_PROJECT_VERSION = 1;
				DEVELOPMENT_ASSET_PATHS = "\"MoonshotApp/Preview Content\"";
				DEVELOPMENT_TEAM = H8ZGPE64NJ;
				ENABLE_PREVIEWS = YES;
				GENERATE_INFOPLIST_FILE = YES;
				INFOPLIST_KEY_UIApplicationSceneManifest_Generation = YES;
				INFOPLIST_KEY_UIApplicationSupportsIndirectInputEvents = YES;
				INFOPLIST_KEY_UILaunchScreen_Generation = YES;
				INFOPLIST_KEY_UISupportedInterfaceOrientations_iPad = "UIInterfaceOrientationPortrait UIInterfaceOrientationPortraitUpsideDown UIInterfaceOrientationLandscapeLeft UIInterfaceOrientationLandscapeRight";
				INFOPLIST_KEY_UISupportedInterfaceOrientations_iPhone = "UIInterfaceOrientationPortrait UIInterfaceOrientationLandscapeLeft UIInterfaceOrientationLandscapeRight";
				LD_RUNPATH_SEARCH_PATHS = (
					"$(inherited)",
					"@executable_path/Frameworks",
				);
				MARKETING_VERSION = 1.0;
				PRODUCT_BUNDLE_IDENTIFIER = me.brunoricardo.MoonshotApp;
				PRODUCT_NAME = "$(TARGET_NAME)";
				SWIFT_EMIT_LOC_STRINGS = YES;
				SWIFT_VERSION = 5.0;
				TARGETED_DEVICE_FAMILY = "1,2";
			};
			name = Debug;
		};
		B6C181B02B7FDC8300A9E143 /* Release */ = {
			isa = XCBuildConfiguration;
			buildSettings = {
				ASSETCATALOG_COMPILER_APPICON_NAME = AppIcon;
				ASSETCATALOG_COMPILER_GLOBAL_ACCENT_COLOR_NAME = AccentColor;
				CODE_SIGN_STYLE = Automatic;
				CURRENT_PROJECT_VERSION = 1;
				DEVELOPMENT_ASSET_PATHS = "\"MoonshotApp/Preview Content\"";
				DEVELOPMENT_TEAM = H8ZGPE64NJ;
				ENABLE_PREVIEWS = YES;
				GENERATE_INFOPLIST_FILE = YES;
				INFOPLIST_KEY_UIApplicationSceneManifest_Generation = YES;
				INFOPLIST_KEY_UIApplicationSupportsIndirectInputEvents = YES;
				INFOPLIST_KEY_UILaunchScreen_Generation = YES;
				INFOPLIST_KEY_UISupportedInterfaceOrientations_iPad = "UIInterfaceOrientationPortrait UIInterfaceOrientationPortraitUpsideDown UIInterfaceOrientationLandscapeLeft UIInterfaceOrientationLandscapeRight";
				INFOPLIST_KEY_UISupportedInterfaceOrientations_iPhone = "UIInterfaceOrientationPortrait UIInterfaceOrientationLandscapeLeft UIInterfaceOrientationLandscapeRight";
				LD_RUNPATH_SEARCH_PATHS = (
					"$(inherited)",
					"@executable_path/Frameworks",
				);
				MARKETING_VERSION = 1.0;
				PRODUCT_BUNDLE_IDENTIFIER = me.brunoricardo.MoonshotApp;
				PRODUCT_NAME = "$(TARGET_NAME)";
				SWIFT_EMIT_LOC_STRINGS = YES;
				SWIFT_VERSION = 5.0;
				TARGETED_DEVICE_FAMILY = "1,2";
			};
			name = Release;
		};
/* End XCBuildConfiguration section */

/* Begin XCConfigurationList section */
		B6C1819B2B7FDC7F00A9E143 /* Build configuration list for PBXProject "MoonshotApp" */ = {
			isa = XCConfigurationList;
			buildConfigurations = (
				B6C181AC2B7FDC8300A9E143 /* Debug */,
				B6C181AD2B7FDC8300A9E143 /* Release */,
			);
			defaultConfigurationIsVisible = 0;
			defaultConfigurationName = Release;
		};
		B6C181AE2B7FDC8300A9E143 /* Build configuration list for PBXNativeTarget "MoonshotApp" */ = {
			isa = XCConfigurationList;
			buildConfigurations = (
				B6C181AF2B7FDC8300A9E143 /* Debug */,
				B6C181B02B7FDC8300A9E143 /* Release */,
			);
			defaultConfigurationIsVisible = 0;
			defaultConfigurationName = Release;
		};
/* End XCConfigurationList section */
	};
	rootObject = B6C181982B7FDC7F00A9E143 /* Project object */;
}
